
Microsoft Visual Studio Solution File, Format Version 12.00
# Visual Studio Version 16
VisualStudioVersion = 16.0.30225.117
MinimumVisualStudioVersion = 10.0.40219.1
Project("{FAE04EC0-301F-11D3-BF4B-00C04F79EFBC}") = "SPUP", "SPUP.csproj", "{36976C87-A734-44F4-8D0E-67C26E9C5901}"
EndProject
Project("{54435603-DBB4-11D2-8724-00A0C9A8B90C}") = "SPUP Visitor Records", "..\SPUP Visitor Records\SPUP Visitor Records.vdproj", "{F86E53FE-A085-49BF-A648-BDA47EACBFFD}"
EndProject
Global
	GlobalSection(SolutionConfigurationPlatforms) = preSolution
		Debug|Any CPU = Debug|Any CPU
		Release|Any CPU = Release|Any CPU
	EndGlobalSection
	GlobalSection(ProjectConfigurationPlatforms) = postSolution
		{36976C87-A734-44F4-8D0E-67C26E9C5901}.Debug|Any CPU.ActiveCfg = Debug|Any CPU
		{36976C87-A734-44F4-8D0E-67C26E9C5901}.Debug|Any CPU.Build.0 = Debug|Any CPU
		{36976C87-A734-44F4-8D0E-67C26E9C5901}.Release|Any CPU.ActiveCfg = Debug|Any CPU
		{36976C87-A734-44F4-8D0E-67C26E9C5901}.Release|Any CPU.Build.0 = Debug|Any CPU
		{F86E53FE-A085-49BF-A648-BDA47EACBFFD}.Debug|Any CPU.ActiveCfg = Debug
		{F86E53FE-A085-49BF-A648-BDA47EACBFFD}.Release|Any CPU.ActiveCfg = Release
	EndGlobalSection
	GlobalSection(SolutionProperties) = preSolution
		HideSolutionNode = FALSE
	EndGlobalSection
	GlobalSection(ExtensibilityGlobals) = postSolution
		SolutionGuid = {A66944D8-B0F4-41EF-9422-F31D936EDDE5}
	EndGlobalSection
EndGlobal
